
Microsoft Visual Studio Solution File, Format Version 12.00
Project("{FAE04EC0-301F-11D3-BF4B-00C04F79EFBC}") = "DotNetBuddy.Example.Tests", "DotNetBuddy.Example.Tests\DotNetBuddy.Example.Tests.csproj", "{CFAF833B-7914-4A86-A0DB-6CBF9FF7FE0C}"
EndProject
Project("{FAE04EC0-301F-11D3-BF4B-00C04F79EFBC}") = "DotNetBuddy.Example", "DotNetBuddy.Example\DotNetBuddy.Example.csproj", "{5EC64C3D-4D85-4367-AD0C-9FE935BF8FE1}"
EndProject
Project("{FAE04EC0-301F-11D3-BF4B-00C04F79EFBC}") = "DotNetBuddy.Domain", "DotNetBuddy.Domain\DotNetBuddy.Domain.csproj", "{E67DE1E5-789A-4A36-859C-9841A7EF52A0}"
EndProject
Project("{FAE04EC0-301F-11D3-BF4B-00C04F79EFBC}") = "DotNetBuddy.Application", "DotNetBuddy.Application\DotNetBuddy.Application.csproj", "{3396AFCC-0A15-4C32-9800-E90E6253C657}"
EndProject
Project("{FAE04EC0-301F-11D3-BF4B-00C04F79EFBC}") = "DotNetBuddy.Infrastructure", "DotNetBuddy.Infrastructure\DotNetBuddy.Infrastructure.csproj", "{612F801F-B236-4363-873D-A487FEF6CD0C}"
EndProject
Project("{FAE04EC0-301F-11D3-BF4B-00C04F79EFBC}") = "DotNetBuddy.Presentation", "DotNetBuddy.Presentation\DotNetBuddy.Presentation.csproj", "{ADA95B37-89DA-4C2B-BE3C-28835520AC39}"
EndProject
Project("{FAE04EC0-301F-11D3-BF4B-00C04F79EFBC}") = "DotNetBuddy.Tests", "DotNetBuddy.Tests\DotNetBuddy.Tests.csproj", "{78790209-88F9-4D33-AD19-E914C9A45EF3}"
EndProject
Project("{2150E333-8FDC-42A3-9474-1A3956D46DE8}") = "Packages", "Packages", "{4C797AFE-6CB7-45E9-BC1C-C277E9B7AE08}"
EndProject
Project("{2150E333-8FDC-42A3-9474-1A3956D46DE8}") = "Examples", "Examples", "{6D745703-7740-43A7-840C-87DA8397E43F}"
EndProject
Project("{FAE04EC0-301F-11D3-BF4B-00C04F79EFBC}") = "DotNetBuddy.Extensions.EntityFrameworkCore", "DotNetBuddy.Extensions.EntityFrameworkCore\DotNetBuddy.Extensions.EntityFrameworkCore.csproj", "{14820AC8-9FC2-4987-A066-19894A0CB851}"
EndProject
Global
	GlobalSection(SolutionConfigurationPlatforms) = preSolution
		Debug|Any CPU = Debug|Any CPU
		Release|Any CPU = Release|Any CPU
	EndGlobalSection
	GlobalSection(ProjectConfigurationPlatforms) = postSolution
		{CFAF833B-7914-4A86-A0DB-6CBF9FF7FE0C}.Debug|Any CPU.ActiveCfg = Debug|Any CPU
		{CFAF833B-7914-4A86-A0DB-6CBF9FF7FE0C}.Debug|Any CPU.Build.0 = Debug|Any CPU
		{CFAF833B-7914-4A86-A0DB-6CBF9FF7FE0C}.Release|Any CPU.ActiveCfg = Release|Any CPU
		{CFAF833B-7914-4A86-A0DB-6CBF9FF7FE0C}.Release|Any CPU.Build.0 = Release|Any CPU
		{5EC64C3D-4D85-4367-AD0C-9FE935BF8FE1}.Debug|Any CPU.ActiveCfg = Debug|Any CPU
		{5EC64C3D-4D85-4367-AD0C-9FE935BF8FE1}.Debug|Any CPU.Build.0 = Debug|Any CPU
		{5EC64C3D-4D85-4367-AD0C-9FE935BF8FE1}.Release|Any CPU.ActiveCfg = Release|Any CPU
		{5EC64C3D-4D85-4367-AD0C-9FE935BF8FE1}.Release|Any CPU.Build.0 = Release|Any CPU
		{E67DE1E5-789A-4A36-859C-9841A7EF52A0}.Debug|Any CPU.ActiveCfg = Debug|Any CPU
		{E67DE1E5-789A-4A36-859C-9841A7EF52A0}.Debug|Any CPU.Build.0 = Debug|Any CPU
		{E67DE1E5-789A-4A36-859C-9841A7EF52A0}.Release|Any CPU.ActiveCfg = Release|Any CPU
		{E67DE1E5-789A-4A36-859C-9841A7EF52A0}.Release|Any CPU.Build.0 = Release|Any CPU
		{3396AFCC-0A15-4C32-9800-E90E6253C657}.Debug|Any CPU.ActiveCfg = Debug|Any CPU
		{3396AFCC-0A15-4C32-9800-E90E6253C657}.Debug|Any CPU.Build.0 = Debug|Any CPU
		{3396AFCC-0A15-4C32-9800-E90E6253C657}.Release|Any CPU.ActiveCfg = Release|Any CPU
		{3396AFCC-0A15-4C32-9800-E90E6253C657}.Release|Any CPU.Build.0 = Release|Any CPU
		{612F801F-B236-4363-873D-A487FEF6CD0C}.Debug|Any CPU.ActiveCfg = Debug|Any CPU
		{612F801F-B236-4363-873D-A487FEF6CD0C}.Debug|Any CPU.Build.0 = Debug|Any CPU
		{612F801F-B236-4363-873D-A487FEF6CD0C}.Release|Any CPU.ActiveCfg = Release|Any CPU
		{612F801F-B236-4363-873D-A487FEF6CD0C}.Release|Any CPU.Build.0 = Release|Any CPU
		{ADA95B37-89DA-4C2B-BE3C-28835520AC39}.Debug|Any CPU.ActiveCfg = Debug|Any CPU
		{ADA95B37-89DA-4C2B-BE3C-28835520AC39}.Debug|Any CPU.Build.0 = Debug|Any CPU
		{ADA95B37-89DA-4C2B-BE3C-28835520AC39}.Release|Any CPU.ActiveCfg = Release|Any CPU
		{ADA95B37-89DA-4C2B-BE3C-28835520AC39}.Release|Any CPU.Build.0 = Release|Any CPU
		{78790209-88F9-4D33-AD19-E914C9A45EF3}.Debug|Any CPU.ActiveCfg = Debug|Any CPU
		{78790209-88F9-4D33-AD19-E914C9A45EF3}.Debug|Any CPU.Build.0 = Debug|Any CPU
		{78790209-88F9-4D33-AD19-E914C9A45EF3}.Release|Any CPU.ActiveCfg = Release|Any CPU
		{78790209-88F9-4D33-AD19-E914C9A45EF3}.Release|Any CPU.Build.0 = Release|Any CPU
		{14820AC8-9FC2-4987-A066-19894A0CB851}.Debug|Any CPU.ActiveCfg = Debug|Any CPU
		{14820AC8-9FC2-4987-A066-19894A0CB851}.Debug|Any CPU.Build.0 = Debug|Any CPU
		{14820AC8-9FC2-4987-A066-19894A0CB851}.Release|Any CPU.ActiveCfg = Release|Any CPU
		{14820AC8-9FC2-4987-A066-19894A0CB851}.Release|Any CPU.Build.0 = Release|Any CPU
	EndGlobalSection
	GlobalSection(NestedProjects) = preSolution
		{3396AFCC-0A15-4C32-9800-E90E6253C657} = {4C797AFE-6CB7-45E9-BC1C-C277E9B7AE08}
		{E67DE1E5-789A-4A36-859C-9841A7EF52A0} = {4C797AFE-6CB7-45E9-BC1C-C277E9B7AE08}
		{612F801F-B236-4363-873D-A487FEF6CD0C} = {4C797AFE-6CB7-45E9-BC1C-C277E9B7AE08}
		{ADA95B37-89DA-4C2B-BE3C-28835520AC39} = {4C797AFE-6CB7-45E9-BC1C-C277E9B7AE08}
		{5EC64C3D-4D85-4367-AD0C-9FE935BF8FE1} = {6D745703-7740-43A7-840C-87DA8397E43F}
		{CFAF833B-7914-4A86-A0DB-6CBF9FF7FE0C} = {6D745703-7740-43A7-840C-87DA8397E43F}
		{14820AC8-9FC2-4987-A066-19894A0CB851} = {4C797AFE-6CB7-45E9-BC1C-C277E9B7AE08}
	EndGlobalSection
EndGlobal
